
Microsoft Visual Studio Solution File, Format Version 12.00
# Visual Studio Version 17
VisualStudioVersion = 17.9.34723.18
MinimumVisualStudioVersion = 10.0.40219.1
Project("{FAE04EC0-301F-11D3-BF4B-00C04F79EFBC}") = "DigitalWaterMarkApp", "DigitalWaterMarkApp\DigitalWaterMarkApp.csproj", "{69B7F6A9-99C4-4B4D-9AE9-38FBBF4C5E98}"
EndProject
Project("{9A19103F-16F7-4668-BE54-9A1E7A4F7556}") = "AlgorithmsLibrary", "AlgorithmsLibrary\AlgorithmsLibrary.csproj", "{5AA7C280-6B63-4055-B2D1-B8E60B64697A}"
EndProject
Project("{9A19103F-16F7-4668-BE54-9A1E7A4F7556}") = "SupportLib", "SupportLib\SupportLib.csproj", "{6002B348-D938-4D36-847C-420CF07AAF49}"
EndProject
Project("{9A19103F-16F7-4668-BE54-9A1E7A4F7556}") = "KeyPointApp", "KeyPointApp\KeyPointApp.csproj", "{8E8BB702-3996-45F5-BC8B-448A0397B5E6}"
EndProject
Global
	GlobalSection(SolutionConfigurationPlatforms) = preSolution
		Debug|Any CPU = Debug|Any CPU
		Release|Any CPU = Release|Any CPU
	EndGlobalSection
	GlobalSection(ProjectConfigurationPlatforms) = postSolution
		{69B7F6A9-99C4-4B4D-9AE9-38FBBF4C5E98}.Debug|Any CPU.ActiveCfg = Debug|Any CPU
		{69B7F6A9-99C4-4B4D-9AE9-38FBBF4C5E98}.Debug|Any CPU.Build.0 = Debug|Any CPU
		{69B7F6A9-99C4-4B4D-9AE9-38FBBF4C5E98}.Release|Any CPU.ActiveCfg = Release|Any CPU
		{69B7F6A9-99C4-4B4D-9AE9-38FBBF4C5E98}.Release|Any CPU.Build.0 = Release|Any CPU
		{5AA7C280-6B63-4055-B2D1-B8E60B64697A}.Debug|Any CPU.ActiveCfg = Debug|Any CPU
		{5AA7C280-6B63-4055-B2D1-B8E60B64697A}.Debug|Any CPU.Build.0 = Debug|Any CPU
		{5AA7C280-6B63-4055-B2D1-B8E60B64697A}.Release|Any CPU.ActiveCfg = Release|Any CPU
		{5AA7C280-6B63-4055-B2D1-B8E60B64697A}.Release|Any CPU.Build.0 = Release|Any CPU
		{6002B348-D938-4D36-847C-420CF07AAF49}.Debug|Any CPU.ActiveCfg = Debug|Any CPU
		{6002B348-D938-4D36-847C-420CF07AAF49}.Debug|Any CPU.Build.0 = Debug|Any CPU
		{6002B348-D938-4D36-847C-420CF07AAF49}.Release|Any CPU.ActiveCfg = Release|Any CPU
		{6002B348-D938-4D36-847C-420CF07AAF49}.Release|Any CPU.Build.0 = Release|Any CPU
		{8E8BB702-3996-45F5-BC8B-448A0397B5E6}.Debug|Any CPU.ActiveCfg = Debug|Any CPU
		{8E8BB702-3996-45F5-BC8B-448A0397B5E6}.Debug|Any CPU.Build.0 = Debug|Any CPU
		{8E8BB702-3996-45F5-BC8B-448A0397B5E6}.Release|Any CPU.ActiveCfg = Release|Any CPU
		{8E8BB702-3996-45F5-BC8B-448A0397B5E6}.Release|Any CPU.Build.0 = Release|Any CPU
	EndGlobalSection
	GlobalSection(SolutionProperties) = preSolution
		HideSolutionNode = FALSE
	EndGlobalSection
	GlobalSection(ExtensibilityGlobals) = postSolution
		SolutionGuid = {720B9360-B5AE-4AA4-A3F3-E07DE6175914}
	EndGlobalSection
EndGlobal
